<?xml version="1.0" encoding="utf-8"?>
<Project ToolsVersion="4.0" xmlns="http://schemas.microsoft.com/developer/msbuild/2003">
  <ItemGroup>
    <Filter Include="Source Files">
      <UniqueIdentifier>{4FC737F1-C7A5-4376-A066-2A32D752A2FF}</UniqueIdentifier>
      <Extensions>cpp;c;cc;cxx;def;odl;idl;hpj;bat;asm;asmx</Extensions>
    </Filter>
    <Filter Include="Header Files">
      <UniqueIdentifier>{93995380-89BD-4b04-88EB-625FBE52EBFB}</UniqueIdentifier>
      <Extensions>h;hh;hpp;hxx;hm;inl;inc;ipp;xsd</Extensions>
    </Filter>
  </ItemGroup>
  <ItemGroup>
    <ClInclude Include="include\zconsole\zconsole.h">
      <Filter>Header Files</Filter>
    </ClInclude>
    <ClInclude Include="include\zconsole\ztypes.h">
      <Filter>Header Files</Filter>
    </ClInclude>
    <ClInclude Include="sources\zcommandtable.h">
      <Filter>Source Files</Filter>
    </ClInclude>
    <ClInclude Include="sources\zhelperfuncs.h">
      <Filter>Source Files</Filter>
    </ClInclude>
    <ClInclude Include="sources\zconsoledefs.h">
      <Filter>Source Files</Filter>
    </ClInclude>
    <ClInclude Include="sources\zhistory.h">
      <Filter>Source Files</Filter>
    </ClInclude>
    <ClInclude Include="sources\zscreen.h">
      <Filter>Source Files</Filter>
    </ClInclude>
    <ClInclude Include="sources\zcursor.h">
      <Filter>Source Files</Filter>
    </ClInclude>
    <ClInclude Include="sources\zfontdata.h">
      <Filter>Source Files</Filter>
    </ClInclude>
    <ClInclude Include="sources\ztimers.h">
      <Filter>Source Files</Filter>
    </ClInclude>
  </ItemGroup>
  <ItemGroup>
    <ClCompile Include="sources\zcommandtable.cpp">
      <Filter>Source Files</Filter>
    </ClCompile>
    <ClCompile Include="sources\zhelperfuncs.cpp">
      <Filter>Source Files</Filter>
    </ClCompile>
    <ClCompile Include="sources\zconsole.cpp">
      <Filter>Source Files</Filter>
    </ClCompile>
    <ClCompile Include="sources\zhistory.cpp">
      <Filter>Source Files</Filter>
    </ClCompile>
    <ClCompile Include="sources\zscreen.cpp">
      <Filter>Source Files</Filter>
    </ClCompile>
    <ClCompile Include="sources\zcursor.cpp">
      <Filter>Source Files</Filter>
    </ClCompile>
  </ItemGroup>
</Project>